github.com/arandu-io/framework v0.35.0 h1:kZ5/MEEvyzM3orMQJ8B37ucs2x8nTH0/4XI2NvHQ768=
github.com/arandu-io/framework v0.35.0/go.mod h1:Qh6QXeDTcH8xzwScsrfnGoi3tVAQ8gTcMs5UoZNsGks=
github.com/arandu-io/hesape v0.12.0 h1:0LbhZ9EcDJ4pKIMksO3infasWbIwvPK7SiCITm0nOEU=
github.com/arandu-io/hesape v0.12.0/go.mod h1:4gen5S5dLVIeyiltJmbQb10ZM9/PMY8EMKHz72OSxGA=
golang.org/x/crypto v0.53.0 h1:QZ4Muo8THX6CizN2vPPd5fBGHyogrdK9fG4wLPFUsto=
golang.org/x/crypto v0.53.0/go.mod h1:DNLU434OwVakk9PzuwV8w62mAJpRJL3vsgcfp4Qnsio=
golang.org/x/sys v0.46.0 h1:noSf2Fq6F8DBgS+LysIkx7rIExoNHJsxOAtPp4rthXw=
golang.org/x/sys v0.46.0/go.mod h1:4GL1E5IUh+htKOUEOaiffhrAeqysfVGipDYzABqnCmw=
